
Microsoft Visual Studio Solution File, Format Version 12.00
# Visual Studio 14
VisualStudioVersion = 14.0.24720.0
MinimumVisualStudioVersion = 10.0.40219.1
Project("{FAE04EC0-301F-11D3-BF4B-00C04F79EFBC}") = "TheBorg", "Source\TheBorg\TheBorg.csproj", "{E1E9ED6D-4DAE-46C8-92CB-538FD02762EE}"
EndProject
Project("{FAE04EC0-301F-11D3-BF4B-00C04F79EFBC}") = "TheBorg.Tests", "Source\TheBorg.Tests\TheBorg.Tests.csproj", "{08027B13-2033-4D59-A7A1-86214176EF78}"
EndProject
Project("{FAE04EC0-301F-11D3-BF4B-00C04F79EFBC}") = "TheBorg.Interface", "Source\TheBorg.Interface\TheBorg.Interface.csproj", "{E1DCF0B9-CCF4-42E1-B39C-2191CC7C378B}"
EndProject
Project("{FAE04EC0-301F-11D3-BF4B-00C04F79EFBC}") = "TheBorg.Host", "Source\TheBorg.Host\TheBorg.Host.csproj", "{D2645D5A-CB41-4A08-AB0F-3EB297A62148}"
EndProject
Project("{2150E333-8FDC-42A3-9474-1A3956D46DE8}") = ".paket", ".paket", "{510ED3E3-28DB-4DCB-BC76-EC1CAFA6D7EA}"
	ProjectSection(SolutionItems) = preProject
		paket.dependencies = paket.dependencies
	EndProjectSection
EndProject
Project("{FAE04EC0-301F-11D3-BF4B-00C04F79EFBC}") = "TheBorg.Plugins.Jokes", "Source\TheBorg.Plugins.Jokes\TheBorg.Plugins.Jokes.csproj", "{721CF637-01FE-4691-A6A1-EFF1EC4E9D25}"
EndProject
Project("{FAE04EC0-301F-11D3-BF4B-00C04F79EFBC}") = "TheBorg.PluginManagement", "Source\TheBorg.PluginManagement\TheBorg.PluginManagement.csproj", "{A418717D-E36D-43CB-8A46-AE50A2D38CC7}"
EndProject
Project("{FAE04EC0-301F-11D3-BF4B-00C04F79EFBC}") = "TheBorg.Core", "Source\TheBorg.Core\TheBorg.Core.csproj", "{82560BC4-8A1A-4300-A84C-9C617A392612}"
EndProject
Global
	GlobalSection(SolutionConfigurationPlatforms) = preSolution
		Debug|Any CPU = Debug|Any CPU
		Release|Any CPU = Release|Any CPU
	EndGlobalSection
	GlobalSection(ProjectConfigurationPlatforms) = postSolution
		{E1E9ED6D-4DAE-46C8-92CB-538FD02762EE}.Debug|Any CPU.ActiveCfg = Debug|Any CPU
		{E1E9ED6D-4DAE-46C8-92CB-538FD02762EE}.Debug|Any CPU.Build.0 = Debug|Any CPU
		{E1E9ED6D-4DAE-46C8-92CB-538FD02762EE}.Release|Any CPU.ActiveCfg = Release|Any CPU
		{E1E9ED6D-4DAE-46C8-92CB-538FD02762EE}.Release|Any CPU.Build.0 = Release|Any CPU
		{08027B13-2033-4D59-A7A1-86214176EF78}.Debug|Any CPU.ActiveCfg = Debug|Any CPU
		{08027B13-2033-4D59-A7A1-86214176EF78}.Debug|Any CPU.Build.0 = Debug|Any CPU
		{08027B13-2033-4D59-A7A1-86214176EF78}.Release|Any CPU.ActiveCfg = Release|Any CPU
		{08027B13-2033-4D59-A7A1-86214176EF78}.Release|Any CPU.Build.0 = Release|Any CPU
		{E1DCF0B9-CCF4-42E1-B39C-2191CC7C378B}.Debug|Any CPU.ActiveCfg = Debug|Any CPU
		{E1DCF0B9-CCF4-42E1-B39C-2191CC7C378B}.Debug|Any CPU.Build.0 = Debug|Any CPU
		{E1DCF0B9-CCF4-42E1-B39C-2191CC7C378B}.Release|Any CPU.ActiveCfg = Release|Any CPU
		{E1DCF0B9-CCF4-42E1-B39C-2191CC7C378B}.Release|Any CPU.Build.0 = Release|Any CPU
		{D2645D5A-CB41-4A08-AB0F-3EB297A62148}.Debug|Any CPU.ActiveCfg = Debug|Any CPU
		{D2645D5A-CB41-4A08-AB0F-3EB297A62148}.Debug|Any CPU.Build.0 = Debug|Any CPU
		{D2645D5A-CB41-4A08-AB0F-3EB297A62148}.Release|Any CPU.ActiveCfg = Release|Any CPU
		{D2645D5A-CB41-4A08-AB0F-3EB297A62148}.Release|Any CPU.Build.0 = Release|Any CPU
		{721CF637-01FE-4691-A6A1-EFF1EC4E9D25}.Debug|Any CPU.ActiveCfg = Debug|Any CPU
		{721CF637-01FE-4691-A6A1-EFF1EC4E9D25}.Debug|Any CPU.Build.0 = Debug|Any CPU
		{721CF637-01FE-4691-A6A1-EFF1EC4E9D25}.Release|Any CPU.ActiveCfg = Release|Any CPU
		{721CF637-01FE-4691-A6A1-EFF1EC4E9D25}.Release|Any CPU.Build.0 = Release|Any CPU
		{A418717D-E36D-43CB-8A46-AE50A2D38CC7}.Debug|Any CPU.ActiveCfg = Debug|Any CPU
		{A418717D-E36D-43CB-8A46-AE50A2D38CC7}.Debug|Any CPU.Build.0 = Debug|Any CPU
		{A418717D-E36D-43CB-8A46-AE50A2D38CC7}.Release|Any CPU.ActiveCfg = Release|Any CPU
		{A418717D-E36D-43CB-8A46-AE50A2D38CC7}.Release|Any CPU.Build.0 = Release|Any CPU
		{82560BC4-8A1A-4300-A84C-9C617A392612}.Debug|Any CPU.ActiveCfg = Debug|Any CPU
		{82560BC4-8A1A-4300-A84C-9C617A392612}.Debug|Any CPU.Build.0 = Debug|Any CPU
		{82560BC4-8A1A-4300-A84C-9C617A392612}.Release|Any CPU.ActiveCfg = Release|Any CPU
		{82560BC4-8A1A-4300-A84C-9C617A392612}.Release|Any CPU.Build.0 = Release|Any CPU
	EndGlobalSection
	GlobalSection(SolutionProperties) = preSolution
		HideSolutionNode = FALSE
	EndGlobalSection
EndGlobal
