
Microsoft Visual Studio Solution File, Format Version 12.00
# Visual Studio 14
VisualStudioVersion = 14.0.24720.0
MinimumVisualStudioVersion = 10.0.40219.1
Project("{FAE04EC0-301F-11D3-BF4B-00C04F79EFBC}") = "TheBorg", "Source\TheBorg\TheBorg.csproj", "{E1E9ED6D-4DAE-46C8-92CB-538FD02762EE}"
EndProject
Project("{FAE04EC0-301F-11D3-BF4B-00C04F79EFBC}") = "TheBorg.Tests", "Source\TheBorg.Tests\TheBorg.Tests.csproj", "{08027B13-2033-4D59-A7A1-86214176EF78}"
EndProject
Project("{FAE04EC0-301F-11D3-BF4B-00C04F79EFBC}") = "TheBorg.Interface", "Source\TheBorg.Interface\TheBorg.Interface.csproj", "{E1DCF0B9-CCF4-42E1-B39C-2191CC7C378B}"
EndProject
Project("{FAE04EC0-301F-11D3-BF4B-00C04F79EFBC}") = "TheBorg.Host", "Source\TheBorg.Host\TheBorg.Host.csproj", "{D2645D5A-CB41-4A08-AB0F-3EB297A62148}"
EndProject
Project("{2150E333-8FDC-42A3-9474-1A3956D46DE8}") = ".paket", ".paket", "{510ED3E3-28DB-4DCB-BC76-EC1CAFA6D7EA}"
	ProjectSection(SolutionItems) = preProject
		paket.dependencies = paket.dependencies
	EndProjectSection
EndProject
Project("{FAE04EC0-301F-11D3-BF4B-00C04F79EFBC}") = "TheBorg.Plugins.Jokes", "Source\TheBorg.Plugins.Jokes\TheBorg.Plugins.Jokes.csproj", "{721CF637-01FE-4691-A6A1-EFF1EC4E9D25}"
EndProject
Project("{FAE04EC0-301F-11D3-BF4B-00C04F79EFBC}") = "TheBorg.PluginManagement", "Source\TheBorg.PluginManagement\TheBorg.PluginManagement.csproj", "{A418717D-E36D-43CB-8A46-AE50A2D38CC7}"
EndProject
Project("{FAE04EC0-301F-11D3-BF4B-00C04F79EFBC}") = "TheBorg.Core", "Source\TheBorg.Core\TheBorg.Core.csproj", "{82560BC4-8A1A-4300-A84C-9C617A392612}"
EndProject
Project("{FAE04EC0-301F-11D3-BF4B-00C04F79EFBC}") = "TheBorg.Plugins.Status", "Source\TheBorg.Plugins.Status\TheBorg.Plugins.Status.csproj", "{A2968831-196D-4B58-8813-93EA1648703D}"
EndProject
Project("{FAE04EC0-301F-11D3-BF4B-00C04F79EFBC}") = "TheBorg.Plugins.Administration", "Source\TheBorg.Plugins.Administration\TheBorg.Plugins.Administration.csproj", "{C9EFBE31-45A6-4E51-98DE-D871B4AC61D2}"
EndProject
Project("{2150E333-8FDC-42A3-9474-1A3956D46DE8}") = "Plugins", "Plugins", "{C9DB0131-C1DD-464F-B528-33A687B59F30}"
EndProject
Project("{FAE04EC0-301F-11D3-BF4B-00C04F79EFBC}") = "TheBorg.Plugins.Help", "Source\TheBorg.Plugins.Help\TheBorg.Plugins.Help.csproj", "{21F28795-57EA-45CC-B15B-1FCECC20DC3C}"
EndProject
Project("{FAE04EC0-301F-11D3-BF4B-00C04F79EFBC}") = "TheBorg.Plugins.GitHub", "Source\TheBorg.Plugins.GitHub\TheBorg.Plugins.GitHub.csproj", "{A9131032-0359-49B5-BC71-BC8AEB016EEC}"
EndProject
Project("{FAE04EC0-301F-11D3-BF4B-00C04F79EFBC}") = "TheBorg.Plugins.GitHub.Interface", "Source\TheBorg.Plugins.GitHub.Interface\TheBorg.Plugins.GitHub.Interface.csproj", "{9F628896-E7A9-45C1-9358-FEC34A7B0325}"
EndProject
Project("{2150E333-8FDC-42A3-9474-1A3956D46DE8}") = "Tenants", "Tenants", "{FAEF2A0F-AFC9-4F84-969C-54B28122057D}"
EndProject
Project("{FAE04EC0-301F-11D3-BF4B-00C04F79EFBC}") = "TheBorg.Tenants.Slack", "Source\TheBorg.Tenants.Slack\TheBorg.Tenants.Slack.csproj", "{27D6E80F-E210-496E-AA2D-4CB4BEDCEC02}"
EndProject
Project("{FAE04EC0-301F-11D3-BF4B-00C04F79EFBC}") = "TheBorg.Domain", "Source\TheBorg.Domain\TheBorg.Domain.csproj", "{66F135FD-03BD-40F4-9447-BAEE6B23C7EF}"
EndProject
Global
	GlobalSection(SolutionConfigurationPlatforms) = preSolution
		Debug|Any CPU = Debug|Any CPU
		Release|Any CPU = Release|Any CPU
	EndGlobalSection
	GlobalSection(ProjectConfigurationPlatforms) = postSolution
		{E1E9ED6D-4DAE-46C8-92CB-538FD02762EE}.Debug|Any CPU.ActiveCfg = Debug|Any CPU
		{E1E9ED6D-4DAE-46C8-92CB-538FD02762EE}.Debug|Any CPU.Build.0 = Debug|Any CPU
		{E1E9ED6D-4DAE-46C8-92CB-538FD02762EE}.Release|Any CPU.ActiveCfg = Release|Any CPU
		{E1E9ED6D-4DAE-46C8-92CB-538FD02762EE}.Release|Any CPU.Build.0 = Release|Any CPU
		{08027B13-2033-4D59-A7A1-86214176EF78}.Debug|Any CPU.ActiveCfg = Debug|Any CPU
		{08027B13-2033-4D59-A7A1-86214176EF78}.Debug|Any CPU.Build.0 = Debug|Any CPU
		{08027B13-2033-4D59-A7A1-86214176EF78}.Release|Any CPU.ActiveCfg = Release|Any CPU
		{08027B13-2033-4D59-A7A1-86214176EF78}.Release|Any CPU.Build.0 = Release|Any CPU
		{E1DCF0B9-CCF4-42E1-B39C-2191CC7C378B}.Debug|Any CPU.ActiveCfg = Debug|Any CPU
		{E1DCF0B9-CCF4-42E1-B39C-2191CC7C378B}.Debug|Any CPU.Build.0 = Debug|Any CPU
		{E1DCF0B9-CCF4-42E1-B39C-2191CC7C378B}.Release|Any CPU.ActiveCfg = Release|Any CPU
		{E1DCF0B9-CCF4-42E1-B39C-2191CC7C378B}.Release|Any CPU.Build.0 = Release|Any CPU
		{D2645D5A-CB41-4A08-AB0F-3EB297A62148}.Debug|Any CPU.ActiveCfg = Debug|Any CPU
		{D2645D5A-CB41-4A08-AB0F-3EB297A62148}.Debug|Any CPU.Build.0 = Debug|Any CPU
		{D2645D5A-CB41-4A08-AB0F-3EB297A62148}.Release|Any CPU.ActiveCfg = Release|Any CPU
		{D2645D5A-CB41-4A08-AB0F-3EB297A62148}.Release|Any CPU.Build.0 = Release|Any CPU
		{721CF637-01FE-4691-A6A1-EFF1EC4E9D25}.Debug|Any CPU.ActiveCfg = Debug|Any CPU
		{721CF637-01FE-4691-A6A1-EFF1EC4E9D25}.Debug|Any CPU.Build.0 = Debug|Any CPU
		{721CF637-01FE-4691-A6A1-EFF1EC4E9D25}.Release|Any CPU.ActiveCfg = Release|Any CPU
		{721CF637-01FE-4691-A6A1-EFF1EC4E9D25}.Release|Any CPU.Build.0 = Release|Any CPU
		{A418717D-E36D-43CB-8A46-AE50A2D38CC7}.Debug|Any CPU.ActiveCfg = Debug|Any CPU
		{A418717D-E36D-43CB-8A46-AE50A2D38CC7}.Debug|Any CPU.Build.0 = Debug|Any CPU
		{A418717D-E36D-43CB-8A46-AE50A2D38CC7}.Release|Any CPU.ActiveCfg = Release|Any CPU
		{A418717D-E36D-43CB-8A46-AE50A2D38CC7}.Release|Any CPU.Build.0 = Release|Any CPU
		{82560BC4-8A1A-4300-A84C-9C617A392612}.Debug|Any CPU.ActiveCfg = Debug|Any CPU
		{82560BC4-8A1A-4300-A84C-9C617A392612}.Debug|Any CPU.Build.0 = Debug|Any CPU
		{82560BC4-8A1A-4300-A84C-9C617A392612}.Release|Any CPU.ActiveCfg = Release|Any CPU
		{82560BC4-8A1A-4300-A84C-9C617A392612}.Release|Any CPU.Build.0 = Release|Any CPU
		{A2968831-196D-4B58-8813-93EA1648703D}.Debug|Any CPU.ActiveCfg = Debug|Any CPU
		{A2968831-196D-4B58-8813-93EA1648703D}.Debug|Any CPU.Build.0 = Debug|Any CPU
		{A2968831-196D-4B58-8813-93EA1648703D}.Release|Any CPU.ActiveCfg = Release|Any CPU
		{A2968831-196D-4B58-8813-93EA1648703D}.Release|Any CPU.Build.0 = Release|Any CPU
		{C9EFBE31-45A6-4E51-98DE-D871B4AC61D2}.Debug|Any CPU.ActiveCfg = Debug|Any CPU
		{C9EFBE31-45A6-4E51-98DE-D871B4AC61D2}.Debug|Any CPU.Build.0 = Debug|Any CPU
		{C9EFBE31-45A6-4E51-98DE-D871B4AC61D2}.Release|Any CPU.ActiveCfg = Release|Any CPU
		{C9EFBE31-45A6-4E51-98DE-D871B4AC61D2}.Release|Any CPU.Build.0 = Release|Any CPU
		{21F28795-57EA-45CC-B15B-1FCECC20DC3C}.Debug|Any CPU.ActiveCfg = Debug|Any CPU
		{21F28795-57EA-45CC-B15B-1FCECC20DC3C}.Debug|Any CPU.Build.0 = Debug|Any CPU
		{21F28795-57EA-45CC-B15B-1FCECC20DC3C}.Release|Any CPU.ActiveCfg = Release|Any CPU
		{21F28795-57EA-45CC-B15B-1FCECC20DC3C}.Release|Any CPU.Build.0 = Release|Any CPU
		{A9131032-0359-49B5-BC71-BC8AEB016EEC}.Debug|Any CPU.ActiveCfg = Debug|Any CPU
		{A9131032-0359-49B5-BC71-BC8AEB016EEC}.Debug|Any CPU.Build.0 = Debug|Any CPU
		{A9131032-0359-49B5-BC71-BC8AEB016EEC}.Release|Any CPU.ActiveCfg = Release|Any CPU
		{A9131032-0359-49B5-BC71-BC8AEB016EEC}.Release|Any CPU.Build.0 = Release|Any CPU
		{9F628896-E7A9-45C1-9358-FEC34A7B0325}.Debug|Any CPU.ActiveCfg = Debug|Any CPU
		{9F628896-E7A9-45C1-9358-FEC34A7B0325}.Debug|Any CPU.Build.0 = Debug|Any CPU
		{9F628896-E7A9-45C1-9358-FEC34A7B0325}.Release|Any CPU.ActiveCfg = Release|Any CPU
		{9F628896-E7A9-45C1-9358-FEC34A7B0325}.Release|Any CPU.Build.0 = Release|Any CPU
		{27D6E80F-E210-496E-AA2D-4CB4BEDCEC02}.Debug|Any CPU.ActiveCfg = Debug|Any CPU
		{27D6E80F-E210-496E-AA2D-4CB4BEDCEC02}.Debug|Any CPU.Build.0 = Debug|Any CPU
		{27D6E80F-E210-496E-AA2D-4CB4BEDCEC02}.Release|Any CPU.ActiveCfg = Release|Any CPU
		{27D6E80F-E210-496E-AA2D-4CB4BEDCEC02}.Release|Any CPU.Build.0 = Release|Any CPU
		{66F135FD-03BD-40F4-9447-BAEE6B23C7EF}.Debug|Any CPU.ActiveCfg = Debug|Any CPU
		{66F135FD-03BD-40F4-9447-BAEE6B23C7EF}.Debug|Any CPU.Build.0 = Debug|Any CPU
		{66F135FD-03BD-40F4-9447-BAEE6B23C7EF}.Release|Any CPU.ActiveCfg = Release|Any CPU
		{66F135FD-03BD-40F4-9447-BAEE6B23C7EF}.Release|Any CPU.Build.0 = Release|Any CPU
	EndGlobalSection
	GlobalSection(SolutionProperties) = preSolution
		HideSolutionNode = FALSE
	EndGlobalSection
	GlobalSection(NestedProjects) = preSolution
		{721CF637-01FE-4691-A6A1-EFF1EC4E9D25} = {C9DB0131-C1DD-464F-B528-33A687B59F30}
		{A2968831-196D-4B58-8813-93EA1648703D} = {C9DB0131-C1DD-464F-B528-33A687B59F30}
		{C9EFBE31-45A6-4E51-98DE-D871B4AC61D2} = {C9DB0131-C1DD-464F-B528-33A687B59F30}
		{21F28795-57EA-45CC-B15B-1FCECC20DC3C} = {C9DB0131-C1DD-464F-B528-33A687B59F30}
		{A9131032-0359-49B5-BC71-BC8AEB016EEC} = {C9DB0131-C1DD-464F-B528-33A687B59F30}
		{9F628896-E7A9-45C1-9358-FEC34A7B0325} = {C9DB0131-C1DD-464F-B528-33A687B59F30}
		{27D6E80F-E210-496E-AA2D-4CB4BEDCEC02} = {FAEF2A0F-AFC9-4F84-969C-54B28122057D}
	EndGlobalSection
EndGlobal
